// !$*UTF8*$!
{
	archiveVersion = 1;
	classes = {
	};
	objectVersion = 46;
	objects = {

/* Begin PBXBuildFile section */
		1C057A7DC4DB7A4EEE5D6364 /* libPods.a in Frameworks */ = {isa = PBXBuildFile; fileRef = 4CB27F74570EE93048ADD5F0 /* libPods.a */; };
		65188BD01B76B2CB001AFB2B /* AlbumTableViewCell.m in Sources */ = {isa = PBXBuildFile; fileRef = 65188BCF1B76B2CB001AFB2B /* AlbumTableViewCell.m */; };
		65188BD31B76B83C001AFB2B /* AlbumsTableViewController.m in Sources */ = {isa = PBXBuildFile; fileRef = 65188BD21B76B83C001AFB2B /* AlbumsTableViewController.m */; };
		655AD72D1B758DC5008723A3 /* Comment.m in Sources */ = {isa = PBXBuildFile; fileRef = 655AD72C1B758DC5008723A3 /* Comment.m */; };
		655AD7341B75A0CD008723A3 /* CommentClient.m in Sources */ = {isa = PBXBuildFile; fileRef = 655AD7331B75A0CD008723A3 /* CommentClient.m */; };
		65A5CAD91B7656FB004E0AC1 /* WebResponse.m in Sources */ = {isa = PBXBuildFile; fileRef = 65A5CAD81B7656FB004E0AC1 /* WebResponse.m */; };
		65A5CADC1B7657F0004E0AC1 /* NSArray+MapFromJSON.m in Sources */ = {isa = PBXBuildFile; fileRef = 65A5CADB1B7657F0004E0AC1 /* NSArray+MapFromJSON.m */; };
		65A5CADF1B768358004E0AC1 /* NSObject+NullableValues.m in Sources */ = {isa = PBXBuildFile; fileRef = 65A5CADE1B768358004E0AC1 /* NSObject+NullableValues.m */; };
		65A5CAE21B768766004E0AC1 /* WebDS.m in Sources */ = {isa = PBXBuildFile; fileRef = 65A5CAE11B768766004E0AC1 /* WebDS.m */; };
		65A5CAE91B768A1C004E0AC1 /* WebHTTPClient.m in Sources */ = {isa = PBXBuildFile; fileRef = 65A5CAE81B768A1C004E0AC1 /* WebHTTPClient.m */; };
		65A5CAEF1B76965D004E0AC1 /* UITableViewCell+CustomObject.m in Sources */ = {isa = PBXBuildFile; fileRef = 65A5CAEE1B76965D004E0AC1 /* UITableViewCell+CustomObject.m */; };
		65A5CAF21B769AC0004E0AC1 /* CommentsTableViewController.m in Sources */ = {isa = PBXBuildFile; fileRef = 65A5CAF11B769AC0004E0AC1 /* CommentsTableViewController.m */; };
		65A5CAF51B769CB4004E0AC1 /* CommentTableViewCell.m in Sources */ = {isa = PBXBuildFile; fileRef = 65A5CAF41B769CB4004E0AC1 /* CommentTableViewCell.m */; };
		65A5CAF81B76AE5A004E0AC1 /* Album.m in Sources */ = {isa = PBXBuildFile; fileRef = 65A5CAF71B76AE5A004E0AC1 /* Album.m */; };
		65A5CAFB1B76AF7B004E0AC1 /* AlbumClient.m in Sources */ = {isa = PBXBuildFile; fileRef = 65A5CAFA1B76AF7B004E0AC1 /* AlbumClient.m */; };
		65A5CB001B76B26B004E0AC1 /* MainScreenViewController.m in Sources */ = {isa = PBXBuildFile; fileRef = 65A5CAFF1B76B26B004E0AC1 /* MainScreenViewController.m */; };
		65E1672E1B75884000FA8FAE /* main.m in Sources */ = {isa = PBXBuildFile; fileRef = 65E1672D1B75884000FA8FAE /* main.m */; };
		65E167311B75884000FA8FAE /* AppDelegate.m in Sources */ = {isa = PBXBuildFile; fileRef = 65E167301B75884000FA8FAE /* AppDelegate.m */; };
		65E167371B75884000FA8FAE /* Main.storyboard in Resources */ = {isa = PBXBuildFile; fileRef = 65E167351B75884000FA8FAE /* Main.storyboard */; };
		65E167391B75884000FA8FAE /* Images.xcassets in Resources */ = {isa = PBXBuildFile; fileRef = 65E167381B75884000FA8FAE /* Images.xcassets */; };
		65E1673C1B75884000FA8FAE /* LaunchScreen.xib in Resources */ = {isa = PBXBuildFile; fileRef = 65E1673A1B75884000FA8FAE /* LaunchScreen.xib */; };
		65E167481B75884100FA8FAE /* KickOffDemoCodeTests.m in Sources */ = {isa = PBXBuildFile; fileRef = 65E167471B75884100FA8FAE /* KickOffDemoCodeTests.m */; };
/* End PBXBuildFile section */

/* Begin PBXContainerItemProxy section */
		65E167421B75884100FA8FAE /* PBXContainerItemProxy */ = {
			isa = PBXContainerItemProxy;
			containerPortal = 65E167201B75884000FA8FAE /* Project object */;
			proxyType = 1;
			remoteGlobalIDString = 65E167271B75884000FA8FAE;
			remoteInfo = KickOffDemoCode;
		};
/* End PBXContainerItemProxy section */

/* Begin PBXFileReference section */
		4CB27F74570EE93048ADD5F0 /* libPods.a */ = {isa = PBXFileReference; explicitFileType = archive.ar; includeInIndex = 0; path = libPods.a; sourceTree = BUILT_PRODUCTS_DIR; };
		520662C8F6CD39B95D8A0FB4 /* Pods.debug.xcconfig */ = {isa = PBXFileReference; includeInIndex = 1; lastKnownFileType = text.xcconfig; name = Pods.debug.xcconfig; path = "Pods/Target Support Files/Pods/Pods.debug.xcconfig"; sourceTree = "<group>"; };
		65188BCE1B76B2CB001AFB2B /* AlbumTableViewCell.h */ = {isa = PBXFileReference; fileEncoding = 4; lastKnownFileType = sourcecode.c.h; path = AlbumTableViewCell.h; sourceTree = "<group>"; };
		65188BCF1B76B2CB001AFB2B /* AlbumTableViewCell.m */ = {isa = PBXFileReference; fileEncoding = 4; lastKnownFileType = sourcecode.c.objc; path = AlbumTableViewCell.m; sourceTree = "<group>"; };
		65188BD11B76B83C001AFB2B /* AlbumsTableViewController.h */ = {isa = PBXFileReference; fileEncoding = 4; lastKnownFileType = sourcecode.c.h; path = AlbumsTableViewController.h; sourceTree = "<group>"; };
		65188BD21B76B83C001AFB2B /* AlbumsTableViewController.m */ = {isa = PBXFileReference; fileEncoding = 4; lastKnownFileType = sourcecode.c.objc; path = AlbumsTableViewController.m; sourceTree = "<group>"; };
		655AD72B1B758DC5008723A3 /* Comment.h */ = {isa = PBXFileReference; fileEncoding = 4; lastKnownFileType = sourcecode.c.h; path = Comment.h; sourceTree = "<group>"; };
		655AD72C1B758DC5008723A3 /* Comment.m */ = {isa = PBXFileReference; fileEncoding = 4; lastKnownFileType = sourcecode.c.objc; path = Comment.m; sourceTree = "<group>"; };
		655AD7321B75A0CD008723A3 /* CommentClient.h */ = {isa = PBXFileReference; fileEncoding = 4; lastKnownFileType = sourcecode.c.h; path = CommentClient.h; sourceTree = "<group>"; };
		655AD7331B75A0CD008723A3 /* CommentClient.m */ = {isa = PBXFileReference; fileEncoding = 4; lastKnownFileType = sourcecode.c.objc; path = CommentClient.m; sourceTree = "<group>"; };
		65A5CAD71B7656FB004E0AC1 /* WebResponse.h */ = {isa = PBXFileReference; fileEncoding = 4; lastKnownFileType = sourcecode.c.h; path = WebResponse.h; sourceTree = "<group>"; };
		65A5CAD81B7656FB004E0AC1 /* WebResponse.m */ = {isa = PBXFileReference; fileEncoding = 4; lastKnownFileType = sourcecode.c.objc; path = WebResponse.m; sourceTree = "<group>"; };
		65A5CADA1B7657F0004E0AC1 /* NSArray+MapFromJSON.h */ = {isa = PBXFileReference; fileEncoding = 4; lastKnownFileType = sourcecode.c.h; path = "NSArray+MapFromJSON.h"; sourceTree = "<group>"; };
		65A5CADB1B7657F0004E0AC1 /* NSArray+MapFromJSON.m */ = {isa = PBXFileReference; fileEncoding = 4; lastKnownFileType = sourcecode.c.objc; path = "NSArray+MapFromJSON.m"; sourceTree = "<group>"; };
		65A5CADD1B768358004E0AC1 /* NSObject+NullableValues.h */ = {isa = PBXFileReference; fileEncoding = 4; lastKnownFileType = sourcecode.c.h; path = "NSObject+NullableValues.h"; sourceTree = "<group>"; };
		65A5CADE1B768358004E0AC1 /* NSObject+NullableValues.m */ = {isa = PBXFileReference; fileEncoding = 4; lastKnownFileType = sourcecode.c.objc; path = "NSObject+NullableValues.m"; sourceTree = "<group>"; };
		65A5CAE01B768766004E0AC1 /* WebDS.h */ = {isa = PBXFileReference; fileEncoding = 4; lastKnownFileType = sourcecode.c.h; path = WebDS.h; sourceTree = "<group>"; };
		65A5CAE11B768766004E0AC1 /* WebDS.m */ = {isa = PBXFileReference; fileEncoding = 4; lastKnownFileType = sourcecode.c.objc; path = WebDS.m; sourceTree = "<group>"; };
		65A5CAE71B768A1C004E0AC1 /* WebHTTPClient.h */ = {isa = PBXFileReference; fileEncoding = 4; lastKnownFileType = sourcecode.c.h; path = WebHTTPClient.h; sourceTree = "<group>"; };
		65A5CAE81B768A1C004E0AC1 /* WebHTTPClient.m */ = {isa = PBXFileReference; fileEncoding = 4; lastKnownFileType = sourcecode.c.objc; path = WebHTTPClient.m; sourceTree = "<group>"; };
		65A5CAEA1B768C48004E0AC1 /* WebDSClient.h */ = {isa = PBXFileReference; fileEncoding = 4; lastKnownFileType = sourcecode.c.h; path = WebDSClient.h; sourceTree = "<group>"; };
		65A5CAED1B76965D004E0AC1 /* UITableViewCell+CustomObject.h */ = {isa = PBXFileReference; fileEncoding = 4; lastKnownFileType = sourcecode.c.h; path = "UITableViewCell+CustomObject.h"; sourceTree = "<group>"; };
		65A5CAEE1B76965D004E0AC1 /* UITableViewCell+CustomObject.m */ = {isa = PBXFileReference; fileEncoding = 4; lastKnownFileType = sourcecode.c.objc; path = "UITableViewCell+CustomObject.m"; sourceTree = "<group>"; };
		65A5CAF01B769AC0004E0AC1 /* CommentsTableViewController.h */ = {isa = PBXFileReference; fileEncoding = 4; lastKnownFileType = sourcecode.c.h; path = CommentsTableViewController.h; sourceTree = "<group>"; };
		65A5CAF11B769AC0004E0AC1 /* CommentsTableViewController.m */ = {isa = PBXFileReference; fileEncoding = 4; lastKnownFileType = sourcecode.c.objc; path = CommentsTableViewController.m; sourceTree = "<group>"; };
		65A5CAF31B769CB4004E0AC1 /* CommentTableViewCell.h */ = {isa = PBXFileReference; fileEncoding = 4; lastKnownFileType = sourcecode.c.h; path = CommentTableViewCell.h; sourceTree = "<group>"; };
		65A5CAF41B769CB4004E0AC1 /* CommentTableViewCell.m */ = {isa = PBXFileReference; fileEncoding = 4; lastKnownFileType = sourcecode.c.objc; path = CommentTableViewCell.m; sourceTree = "<group>"; };
		65A5CAF61B76AE5A004E0AC1 /* Album.h */ = {isa = PBXFileReference; fileEncoding = 4; lastKnownFileType = sourcecode.c.h; path = Album.h; sourceTree = "<group>"; };
		65A5CAF71B76AE5A004E0AC1 /* Album.m */ = {isa = PBXFileReference; fileEncoding = 4; lastKnownFileType = sourcecode.c.objc; path = Album.m; sourceTree = "<group>"; };
		65A5CAF91B76AF7B004E0AC1 /* AlbumClient.h */ = {isa = PBXFileReference; fileEncoding = 4; lastKnownFileType = sourcecode.c.h; path = AlbumClient.h; sourceTree = "<group>"; };
		65A5CAFA1B76AF7B004E0AC1 /* AlbumClient.m */ = {isa = PBXFileReference; fileEncoding = 4; lastKnownFileType = sourcecode.c.objc; path = AlbumClient.m; sourceTree = "<group>"; };
		65A5CAFE1B76B26B004E0AC1 /* MainScreenViewController.h */ = {isa = PBXFileReference; fileEncoding = 4; lastKnownFileType = sourcecode.c.h; path = MainScreenViewController.h; sourceTree = "<group>"; };
		65A5CAFF1B76B26B004E0AC1 /* MainScreenViewController.m */ = {isa = PBXFileReference; fileEncoding = 4; lastKnownFileType = sourcecode.c.objc; path = MainScreenViewController.m; sourceTree = "<group>"; };
		65E167281B75884000FA8FAE /* KickOffDemoCode.app */ = {isa = PBXFileReference; explicitFileType = wrapper.application; includeInIndex = 0; path = KickOffDemoCode.app; sourceTree = BUILT_PRODUCTS_DIR; };
		65E1672C1B75884000FA8FAE /* Info.plist */ = {isa = PBXFileReference; lastKnownFileType = text.plist.xml; path = Info.plist; sourceTree = "<group>"; };
		65E1672D1B75884000FA8FAE /* main.m */ = {isa = PBXFileReference; lastKnownFileType = sourcecode.c.objc; path = main.m; sourceTree = "<group>"; };
		65E1672F1B75884000FA8FAE /* AppDelegate.h */ = {isa = PBXFileReference; lastKnownFileType = sourcecode.c.h; path = AppDelegate.h; sourceTree = "<group>"; };
		65E167301B75884000FA8FAE /* AppDelegate.m */ = {isa = PBXFileReference; lastKnownFileType = sourcecode.c.objc; path = AppDelegate.m; sourceTree = "<group>"; };
		65E167361B75884000FA8FAE /* Base */ = {isa = PBXFileReference; lastKnownFileType = file.storyboard; name = Base; path = Base.lproj/Main.storyboard; sourceTree = "<group>"; };
		65E167381B75884000FA8FAE /* Images.xcassets */ = {isa = PBXFileReference; lastKnownFileType = folder.assetcatalog; path = Images.xcassets; sourceTree = "<group>"; };
		65E1673B1B75884000FA8FAE /* Base */ = {isa = PBXFileReference; lastKnownFileType = file.xib; name = Base; path = Base.lproj/LaunchScreen.xib; sourceTree = "<group>"; };
		65E167411B75884100FA8FAE /* KickOffDemoCodeTests.xctest */ = {isa = PBXFileReference; explicitFileType = wrapper.cfbundle; includeInIndex = 0; path = KickOffDemoCodeTests.xctest; sourceTree = BUILT_PRODUCTS_DIR; };
		65E167461B75884100FA8FAE /* Info.plist */ = {isa = PBXFileReference; lastKnownFileType = text.plist.xml; path = Info.plist; sourceTree = "<group>"; };
		65E167471B75884100FA8FAE /* KickOffDemoCodeTests.m */ = {isa = PBXFileReference; lastKnownFileType = sourcecode.c.objc; path = KickOffDemoCodeTests.m; sourceTree = "<group>"; };
		6B69D47DC8DC7609E5E0D200 /* Pods.release.xcconfig */ = {isa = PBXFileReference; includeInIndex = 1; lastKnownFileType = text.xcconfig; name = Pods.release.xcconfig; path = "Pods/Target Support Files/Pods/Pods.release.xcconfig"; sourceTree = "<group>"; };
/* End PBXFileReference section */

/* Begin PBXFrameworksBuildPhase section */
		65E167251B75884000FA8FAE /* Frameworks */ = {
			isa = PBXFrameworksBuildPhase;
			buildActionMask = 2147483647;
			files = (
				1C057A7DC4DB7A4EEE5D6364 /* libPods.a in Frameworks */,
			);
			runOnlyForDeploymentPostprocessing = 0;
		};
		65E1673E1B75884100FA8FAE /* Frameworks */ = {
			isa = PBXFrameworksBuildPhase;
			buildActionMask = 2147483647;
			files = (
			);
			runOnlyForDeploymentPostprocessing = 0;
		};
/* End PBXFrameworksBuildPhase section */

/* Begin PBXGroup section */
		216A45870966E660A2114944 /* Frameworks */ = {
			isa = PBXGroup;
			children = (
				4CB27F74570EE93048ADD5F0 /* libPods.a */,
			);
			name = Frameworks;
			sourceTree = "<group>";
		};
		291962CA0AE0A69BB04FF2FC /* Pods */ = {
			isa = PBXGroup;
			children = (
				520662C8F6CD39B95D8A0FB4 /* Pods.debug.xcconfig */,
				6B69D47DC8DC7609E5E0D200 /* Pods.release.xcconfig */,
			);
			name = Pods;
			sourceTree = "<group>";
		};
		655AD7291B758C9E008723A3 /* Model */ = {
			isa = PBXGroup;
			children = (
				655AD72B1B758DC5008723A3 /* Comment.h */,
				655AD72C1B758DC5008723A3 /* Comment.m */,
				65A5CAF61B76AE5A004E0AC1 /* Album.h */,
				65A5CAF71B76AE5A004E0AC1 /* Album.m */,
				65A5CAD71B7656FB004E0AC1 /* WebResponse.h */,
				65A5CAD81B7656FB004E0AC1 /* WebResponse.m */,
			);
			name = Model;
			sourceTree = "<group>";
		};
		655AD72A1B758CB5008723A3 /* HTTPClients */ = {
			isa = PBXGroup;
			children = (
				65A5CAEA1B768C48004E0AC1 /* WebDSClient.h */,
				65A5CAE71B768A1C004E0AC1 /* WebHTTPClient.h */,
				65A5CAE81B768A1C004E0AC1 /* WebHTTPClient.m */,
				655AD7321B75A0CD008723A3 /* CommentClient.h */,
				655AD7331B75A0CD008723A3 /* CommentClient.m */,
				65A5CAF91B76AF7B004E0AC1 /* AlbumClient.h */,
				65A5CAFA1B76AF7B004E0AC1 /* AlbumClient.m */,
			);
			name = HTTPClients;
			sourceTree = "<group>";
		};
		655AD7351B75A136008723A3 /* Categories */ = {
			isa = PBXGroup;
			children = (
				65A5CADD1B768358004E0AC1 /* NSObject+NullableValues.h */,
				65A5CADE1B768358004E0AC1 /* NSObject+NullableValues.m */,
				65A5CADA1B7657F0004E0AC1 /* NSArray+MapFromJSON.h */,
				65A5CADB1B7657F0004E0AC1 /* NSArray+MapFromJSON.m */,
				65A5CAED1B76965D004E0AC1 /* UITableViewCell+CustomObject.h */,
				65A5CAEE1B76965D004E0AC1 /* UITableViewCell+CustomObject.m */,
			);
			name = Categories;
			sourceTree = "<group>";
		};
		65A5CAE31B76876F004E0AC1 /* DataSources */ = {
			isa = PBXGroup;
			children = (
				65A5CAE01B768766004E0AC1 /* WebDS.h */,
				65A5CAE11B768766004E0AC1 /* WebDS.m */,
			);
			name = DataSources;
			sourceTree = "<group>";
		};
		65A5CAFC1B76B216004E0AC1 /* View Controllers */ = {
			isa = PBXGroup;
			children = (
				65A5CAFE1B76B26B004E0AC1 /* MainScreenViewController.h */,
				65A5CAFF1B76B26B004E0AC1 /* MainScreenViewController.m */,
				65A5CAF01B769AC0004E0AC1 /* CommentsTableViewController.h */,
				65A5CAF11B769AC0004E0AC1 /* CommentsTableViewController.m */,
				65188BD11B76B83C001AFB2B /* AlbumsTableViewController.h */,
				65188BD21B76B83C001AFB2B /* AlbumsTableViewController.m */,
				65A5CAFD1B76B227004E0AC1 /* Cells */,
			);
			name = "View Controllers";
			sourceTree = "<group>";
		};
		65A5CAFD1B76B227004E0AC1 /* Cells */ = {
			isa = PBXGroup;
			children = (
				65A5CAF31B769CB4004E0AC1 /* CommentTableViewCell.h */,
				65A5CAF41B769CB4004E0AC1 /* CommentTableViewCell.m */,
				65188BCE1B76B2CB001AFB2B /* AlbumTableViewCell.h */,
				65188BCF1B76B2CB001AFB2B /* AlbumTableViewCell.m */,
			);
			name = Cells;
			sourceTree = "<group>";
		};
		65E1671F1B75884000FA8FAE = {
			isa = PBXGroup;
			children = (
				65E1672A1B75884000FA8FAE /* KickOffDemoCode */,
				65E167441B75884100FA8FAE /* KickOffDemoCodeTests */,
				65E167291B75884000FA8FAE /* Products */,
				291962CA0AE0A69BB04FF2FC /* Pods */,
				216A45870966E660A2114944 /* Frameworks */,
			);
			sourceTree = "<group>";
		};
		65E167291B75884000FA8FAE /* Products */ = {
			isa = PBXGroup;
			children = (
				65E167281B75884000FA8FAE /* KickOffDemoCode.app */,
				65E167411B75884100FA8FAE /* KickOffDemoCodeTests.xctest */,
			);
			name = Products;
			sourceTree = "<group>";
		};
		65E1672A1B75884000FA8FAE /* KickOffDemoCode */ = {
			isa = PBXGroup;
			children = (
				65E1672F1B75884000FA8FAE /* AppDelegate.h */,
				65E167301B75884000FA8FAE /* AppDelegate.m */,
				655AD7291B758C9E008723A3 /* Model */,
				655AD7351B75A136008723A3 /* Categories */,
				655AD72A1B758CB5008723A3 /* HTTPClients */,
				65A5CAE31B76876F004E0AC1 /* DataSources */,
				65A5CAFC1B76B216004E0AC1 /* View Controllers */,
				65E167351B75884000FA8FAE /* Main.storyboard */,
				65E167381B75884000FA8FAE /* Images.xcassets */,
				65E1673A1B75884000FA8FAE /* LaunchScreen.xib */,
				65E1672B1B75884000FA8FAE /* Supporting Files */,
			);
			path = KickOffDemoCode;
			sourceTree = "<group>";
		};
		65E1672B1B75884000FA8FAE /* Supporting Files */ = {
			isa = PBXGroup;
			children = (
				65E1672C1B75884000FA8FAE /* Info.plist */,
				65E1672D1B75884000FA8FAE /* main.m */,
			);
			name = "Supporting Files";
			sourceTree = "<group>";
		};
		65E167441B75884100FA8FAE /* KickOffDemoCodeTests */ = {
			isa = PBXGroup;
			children = (
				65E167471B75884100FA8FAE /* KickOffDemoCodeTests.m */,
				65E167451B75884100FA8FAE /* Supporting Files */,
			);
			path = KickOffDemoCodeTests;
			sourceTree = "<group>";
		};
		65E167451B75884100FA8FAE /* Supporting Files */ = {
			isa = PBXGroup;
			children = (
				65E167461B75884100FA8FAE /* Info.plist */,
			);
			name = "Supporting Files";
			sourceTree = "<group>";
		};
/* End PBXGroup section */

/* Begin PBXNativeTarget section */
		65E167271B75884000FA8FAE /* KickOffDemoCode */ = {
			isa = PBXNativeTarget;
			buildConfigurationList = 65E1674B1B75884100FA8FAE /* Build configuration list for PBXNativeTarget "KickOffDemoCode" */;
			buildPhases = (
				2A2C7BA96BC796A5A2CFD0B4 /* Check Pods Manifest.lock */,
				65E167241B75884000FA8FAE /* Sources */,
				65E167251B75884000FA8FAE /* Frameworks */,
				65E167261B75884000FA8FAE /* Resources */,
				1D7A01991BEF99FC6CC36C18 /* Copy Pods Resources */,
			);
			buildRules = (
			);
			dependencies = (
			);
			name = KickOffDemoCode;
			productName = KickOffDemoCode;
			productReference = 65E167281B75884000FA8FAE /* KickOffDemoCode.app */;
			productType = "com.apple.product-type.application";
		};
		65E167401B75884100FA8FAE /* KickOffDemoCodeTests */ = {
			isa = PBXNativeTarget;
			buildConfigurationList = 65E1674E1B75884100FA8FAE /* Build configuration list for PBXNativeTarget "KickOffDemoCodeTests" */;
			buildPhases = (
				65E1673D1B75884100FA8FAE /* Sources */,
				65E1673E1B75884100FA8FAE /* Frameworks */,
				65E1673F1B75884100FA8FAE /* Resources */,
			);
			buildRules = (
			);
			dependencies = (
				65E167431B75884100FA8FAE /* PBXTargetDependency */,
			);
			name = KickOffDemoCodeTests;
			productName = KickOffDemoCodeTests;
			productReference = 65E167411B75884100FA8FAE /* KickOffDemoCodeTests.xctest */;
			productType = "com.apple.product-type.bundle.unit-test";
		};
/* End PBXNativeTarget section */

/* Begin PBXProject section */
		65E167201B75884000FA8FAE /* Project object */ = {
			isa = PBXProject;
			attributes = {
				LastUpgradeCheck = 0640;
				ORGANIZATIONNAME = "Daniel Driussi";
				TargetAttributes = {
					65E167271B75884000FA8FAE = {
						CreatedOnToolsVersion = 6.4;
					};
					65E167401B75884100FA8FAE = {
						CreatedOnToolsVersion = 6.4;
						TestTargetID = 65E167271B75884000FA8FAE;
					};
				};
			};
			buildConfigurationList = 65E167231B75884000FA8FAE /* Build configuration list for PBXProject "KickOffDemoCode" */;
			compatibilityVersion = "Xcode 3.2";
			developmentRegion = English;
			hasScannedForEncodings = 0;
			knownRegions = (
				en,
				Base,
			);
			mainGroup = 65E1671F1B75884000FA8FAE;
			productRefGroup = 65E167291B75884000FA8FAE /* Products */;
			projectDirPath = "";
			projectRoot = "";
			targets = (
				65E167271B75884000FA8FAE /* KickOffDemoCode */,
				65E167401B75884100FA8FAE /* KickOffDemoCodeTests */,
			);
		};
/* End PBXProject section */

/* Begin PBXResourcesBuildPhase section */
		65E167261B75884000FA8FAE /* Resources */ = {
			isa = PBXResourcesBuildPhase;
			buildActionMask = 2147483647;
			files = (
				65E167371B75884000FA8FAE /* Main.storyboard in Resources */,
				65E1673C1B75884000FA8FAE /* LaunchScreen.xib in Resources */,
				65E167391B75884000FA8FAE /* Images.xcassets in Resources */,
			);
			runOnlyForDeploymentPostprocessing = 0;
		};
		65E1673F1B75884100FA8FAE /* Resources */ = {
			isa = PBXResourcesBuildPhase;
			buildActionMask = 2147483647;
			files = (
			);
			runOnlyForDeploymentPostprocessing = 0;
		};
/* End PBXResourcesBuildPhase section */

/* Begin PBXShellScriptBuildPhase section */
		1D7A01991BEF99FC6CC36C18 /* Copy Pods Resources */ = {
			isa = PBXShellScriptBuildPhase;
			buildActionMask = 2147483647;
			files = (
			);
			inputPaths = (
			);
			name = "Copy Pods Resources";
			outputPaths = (
			);
			runOnlyForDeploymentPostprocessing = 0;
			shellPath = /bin/sh;
			shellScript = "\"${SRCROOT}/Pods/Target Support Files/Pods/Pods-resources.sh\"\n";
			showEnvVarsInLog = 0;
		};
		2A2C7BA96BC796A5A2CFD0B4 /* Check Pods Manifest.lock */ = {
			isa = PBXShellScriptBuildPhase;
			buildActionMask = 2147483647;
			files = (
			);
			inputPaths = (
			);
			name = "Check Pods Manifest.lock";
			outputPaths = (
			);
			runOnlyForDeploymentPostprocessing = 0;
			shellPath = /bin/sh;
			shellScript = "diff \"${PODS_ROOT}/../Podfile.lock\" \"${PODS_ROOT}/Manifest.lock\" > /dev/null\nif [[ $? != 0 ]] ; then\n    cat << EOM\nerror: The sandbox is not in sync with the Podfile.lock. Run 'pod install' or update your CocoaPods installation.\nEOM\n    exit 1\nfi\n";
			showEnvVarsInLog = 0;
		};
/* End PBXShellScriptBuildPhase section */

/* Begin PBXSourcesBuildPhase section */
		65E167241B75884000FA8FAE /* Sources */ = {
			isa = PBXSourcesBuildPhase;
			buildActionMask = 2147483647;
			files = (
				65A5CAEF1B76965D004E0AC1 /* UITableViewCell+CustomObject.m in Sources */,
				65A5CADC1B7657F0004E0AC1 /* NSArray+MapFromJSON.m in Sources */,
				65A5CAE91B768A1C004E0AC1 /* WebHTTPClient.m in Sources */,
				65A5CAF51B769CB4004E0AC1 /* CommentTableViewCell.m in Sources */,
				65A5CAF81B76AE5A004E0AC1 /* Album.m in Sources */,
				65188BD01B76B2CB001AFB2B /* AlbumTableViewCell.m in Sources */,
				65E167311B75884000FA8FAE /* AppDelegate.m in Sources */,
				65A5CAF21B769AC0004E0AC1 /* CommentsTableViewController.m in Sources */,
				655AD7341B75A0CD008723A3 /* CommentClient.m in Sources */,
				65A5CAE21B768766004E0AC1 /* WebDS.m in Sources */,
				65A5CB001B76B26B004E0AC1 /* MainScreenViewController.m in Sources */,
				65E1672E1B75884000FA8FAE /* main.m in Sources */,
				65A5CAD91B7656FB004E0AC1 /* WebResponse.m in Sources */,
				65A5CADF1B768358004E0AC1 /* NSObject+NullableValues.m in Sources */,
				65188BD31B76B83C001AFB2B /* AlbumsTableViewController.m in Sources */,
				65A5CAFB1B76AF7B004E0AC1 /* AlbumClient.m in Sources */,
				655AD72D1B758DC5008723A3 /* Comment.m in Sources */,
			);
			runOnlyForDeploymentPostprocessing = 0;
		};
		65E1673D1B75884100FA8FAE /* Sources */ = {
			isa = PBXSourcesBuildPhase;
			buildActionMask = 2147483647;
			files = (
				65E167481B75884100FA8FAE /* KickOffDemoCodeTests.m in Sources */,
			);
			runOnlyForDeploymentPostprocessing = 0;
		};
/* End PBXSourcesBuildPhase section */

/* Begin PBXTargetDependency section */
		65E167431B75884100FA8FAE /* PBXTargetDependency */ = {
			isa = PBXTargetDependency;
			target = 65E167271B75884000FA8FAE /* KickOffDemoCode */;
			targetProxy = 65E167421B75884100FA8FAE /* PBXContainerItemProxy */;
		};
/* End PBXTargetDependency section */

/* Begin PBXVariantGroup section */
		65E167351B75884000FA8FAE /* Main.storyboard */ = {
			isa = PBXVariantGroup;
			children = (
				65E167361B75884000FA8FAE /* Base */,
			);
			name = Main.storyboard;
			sourceTree = "<group>";
		};
		65E1673A1B75884000FA8FAE /* LaunchScreen.xib */ = {
			isa = PBXVariantGroup;
			children = (
				65E1673B1B75884000FA8FAE /* Base */,
			);
			name = LaunchScreen.xib;
			sourceTree = "<group>";
		};
/* End PBXVariantGroup section */

/* Begin XCBuildConfiguration section */
		65E167491B75884100FA8FAE /* Debug */ = {
			isa = XCBuildConfiguration;
			buildSettings = {
				ALWAYS_SEARCH_USER_PATHS = NO;
				CLANG_CXX_LANGUAGE_STANDARD = "gnu++0x";
				CLANG_CXX_LIBRARY = "libc++";
				CLANG_ENABLE_MODULES = YES;
				CLANG_ENABLE_OBJC_ARC = YES;
				CLANG_WARN_BOOL_CONVERSION = YES;
				CLANG_WARN_CONSTANT_CONVERSION = YES;
				CLANG_WARN_DIRECT_OBJC_ISA_USAGE = YES_ERROR;
				CLANG_WARN_EMPTY_BODY = YES;
				CLANG_WARN_ENUM_CONVERSION = YES;
				CLANG_WARN_INT_CONVERSION = YES;
				CLANG_WARN_OBJC_ROOT_CLASS = YES_ERROR;
				CLANG_WARN_UNREACHABLE_CODE = YES;
				CLANG_WARN__DUPLICATE_METHOD_MATCH = YES;
				"CODE_SIGN_IDENTITY[sdk=iphoneos*]" = "iPhone Developer";
				COPY_PHASE_STRIP = NO;
				DEBUG_INFORMATION_FORMAT = "dwarf-with-dsym";
				ENABLE_STRICT_OBJC_MSGSEND = YES;
				GCC_C_LANGUAGE_STANDARD = gnu99;
				GCC_DYNAMIC_NO_PIC = NO;
				GCC_NO_COMMON_BLOCKS = YES;
				GCC_OPTIMIZATION_LEVEL = 0;
				GCC_PREPROCESSOR_DEFINITIONS = (
					"DEBUG=1",
					"$(inherited)",
				);
				GCC_SYMBOLS_PRIVATE_EXTERN = NO;
				GCC_WARN_64_TO_32_BIT_CONVERSION = YES;
				GCC_WARN_ABOUT_RETURN_TYPE = YES_ERROR;
				GCC_WARN_UNDECLARED_SELECTOR = YES;
				GCC_WARN_UNINITIALIZED_AUTOS = YES_AGGRESSIVE;
				GCC_WARN_UNUSED_FUNCTION = YES;
				GCC_WARN_UNUSED_VARIABLE = YES;
				IPHONEOS_DEPLOYMENT_TARGET = 8.4;
				MTL_ENABLE_DEBUG_INFO = YES;
				ONLY_ACTIVE_ARCH = YES;
				SDKROOT = iphoneos;
			};
			name = Debug;
		};
		65E1674A1B75884100FA8FAE /* Release */ = {
			isa = XCBuildConfiguration;
			buildSettings = {
				ALWAYS_SEARCH_USER_PATHS = NO;
				CLANG_CXX_LANGUAGE_STANDARD = "gnu++0x";
				CLANG_CXX_LIBRARY = "libc++";
				CLANG_ENABLE_MODULES = YES;
				CLANG_ENABLE_OBJC_ARC = YES;
				CLANG_WARN_BOOL_CONVERSION = YES;
				CLANG_WARN_CONSTANT_CONVERSION = YES;
				CLANG_WARN_DIRECT_OBJC_ISA_USAGE = YES_ERROR;
				CLANG_WARN_EMPTY_BODY = YES;
				CLANG_WARN_ENUM_CONVERSION = YES;
				CLANG_WARN_INT_CONVERSION = YES;
				CLANG_WARN_OBJC_ROOT_CLASS = YES_ERROR;
				CLANG_WARN_UNREACHABLE_CODE = YES;
				CLANG_WARN__DUPLICATE_METHOD_MATCH = YES;
				"CODE_SIGN_IDENTITY[sdk=iphoneos*]" = "iPhone Developer";
				COPY_PHASE_STRIP = NO;
				DEBUG_INFORMATION_FORMAT = "dwarf-with-dsym";
				ENABLE_NS_ASSERTIONS = NO;
				ENABLE_STRICT_OBJC_MSGSEND = YES;
				GCC_C_LANGUAGE_STANDARD = gnu99;
				GCC_NO_COMMON_BLOCKS = YES;
				GCC_WARN_64_TO_32_BIT_CONVERSION = YES;
				GCC_WARN_ABOUT_RETURN_TYPE = YES_ERROR;
				GCC_WARN_UNDECLARED_SELECTOR = YES;
				GCC_WARN_UNINITIALIZED_AUTOS = YES_AGGRESSIVE;
				GCC_WARN_UNUSED_FUNCTION = YES;
				GCC_WARN_UNUSED_VARIABLE = YES;
				IPHONEOS_DEPLOYMENT_TARGET = 8.4;
				MTL_ENABLE_DEBUG_INFO = NO;
				SDKROOT = iphoneos;
				VALIDATE_PRODUCT = YES;
			};
			name = Release;
		};
		65E1674C1B75884100FA8FAE /* Debug */ = {
			isa = XCBuildConfiguration;
			baseConfigurationReference = 520662C8F6CD39B95D8A0FB4 /* Pods.debug.xcconfig */;
			buildSettings = {
				ASSETCATALOG_COMPILER_APPICON_NAME = AppIcon;
				INFOPLIST_FILE = KickOffDemoCode/Info.plist;
				LD_RUNPATH_SEARCH_PATHS = "$(inherited) @executable_path/Frameworks";
				PRODUCT_NAME = "$(TARGET_NAME)";
			};
			name = Debug;
		};
		65E1674D1B75884100FA8FAE /* Release */ = {
			isa = XCBuildConfiguration;
			baseConfigurationReference = 6B69D47DC8DC7609E5E0D200 /* Pods.release.xcconfig */;
			buildSettings = {
				ASSETCATALOG_COMPILER_APPICON_NAME = AppIcon;
				INFOPLIST_FILE = KickOffDemoCode/Info.plist;
				LD_RUNPATH_SEARCH_PATHS = "$(inherited) @executable_path/Frameworks";
				PRODUCT_NAME = "$(TARGET_NAME)";
			};
			name = Release;
		};
		65E1674F1B75884100FA8FAE /* Debug */ = {
			isa = XCBuildConfiguration;
			buildSettings = {
				BUNDLE_LOADER = "$(TEST_HOST)";
				FRAMEWORK_SEARCH_PATHS = (
					"$(SDKROOT)/Developer/Library/Frameworks",
					"$(inherited)",
				);
				GCC_PREPROCESSOR_DEFINITIONS = (
					"DEBUG=1",
					"$(inherited)",
				);
				INFOPLIST_FILE = KickOffDemoCodeTests/Info.plist;
				LD_RUNPATH_SEARCH_PATHS = "$(inherited) @executable_path/Frameworks @loader_path/Frameworks";
				PRODUCT_NAME = "$(TARGET_NAME)";
				TEST_HOST = "$(BUILT_PRODUCTS_DIR)/KickOffDemoCode.app/KickOffDemoCode";
			};
			name = Debug;
		};
		65E167501B75884100FA8FAE /* Release */ = {
			isa = XCBuildConfiguration;
			buildSettings = {
				BUNDLE_LOADER = "$(TEST_HOST)";
				FRAMEWORK_SEARCH_PATHS = (
					"$(SDKROOT)/Developer/Library/Frameworks",
					"$(inherited)",
				);
				INFOPLIST_FILE = KickOffDemoCodeTests/Info.plist;
				LD_RUNPATH_SEARCH_PATHS = "$(inherited) @executable_path/Frameworks @loader_path/Frameworks";
				PRODUCT_NAME = "$(TARGET_NAME)";
				TEST_HOST = "$(BUILT_PRODUCTS_DIR)/KickOffDemoCode.app/KickOffDemoCode";
			};
			name = Release;
		};
/* End XCBuildConfiguration section */

/* Begin XCConfigurationList section */
		65E167231B75884000FA8FAE /* Build configuration list for PBXProject "KickOffDemoCode" */ = {
			isa = XCConfigurationList;
			buildConfigurations = (
				65E167491B75884100FA8FAE /* Debug */,
				65E1674A1B75884100FA8FAE /* Release */,
			);
			defaultConfigurationIsVisible = 0;
			defaultConfigurationName = Release;
		};
		65E1674B1B75884100FA8FAE /* Build configuration list for PBXNativeTarget "KickOffDemoCode" */ = {
			isa = XCConfigurationList;
			buildConfigurations = (
				65E1674C1B75884100FA8FAE /* Debug */,
				65E1674D1B75884100FA8FAE /* Release */,
			);
			defaultConfigurationIsVisible = 0;
			defaultConfigurationName = Release;
		};
		65E1674E1B75884100FA8FAE /* Build configuration list for PBXNativeTarget "KickOffDemoCodeTests" */ = {
			isa = XCConfigurationList;
			buildConfigurations = (
				65E1674F1B75884100FA8FAE /* Debug */,
				65E167501B75884100FA8FAE /* Release */,
			);
			defaultConfigurationIsVisible = 0;
			defaultConfigurationName = Release;
		};
/* End XCConfigurationList section */
	};
	rootObject = 65E167201B75884000FA8FAE /* Project object */;
}
